
Microsoft Visual Studio Solution File, Format Version 12.00
# Visual Studio Version 17
VisualStudioVersion = 17.5.33516.290
MinimumVisualStudioVersion = 10.0.40219.1
Project("{9A19103F-16F7-4668-BE54-9A1E7A4F7556}") = "wiutLMS", "mvclms\wiutLMS.csproj", "{D409D6F8-6AC1-400B-99E2-D1BA3A181BD5}"
EndProject
Global
	GlobalSection(SolutionConfigurationPlatforms) = preSolution
		Debug|Any CPU = Debug|Any CPU
		Release|Any CPU = Release|Any CPU
	EndGlobalSection
	GlobalSection(ProjectConfigurationPlatforms) = postSolution
		{D409D6F8-6AC1-400B-99E2-D1BA3A181BD5}.Debug|Any CPU.ActiveCfg = Debug|Any CPU
		{D409D6F8-6AC1-400B-99E2-D1BA3A181BD5}.Debug|Any CPU.Build.0 = Debug|Any CPU
		{D409D6F8-6AC1-400B-99E2-D1BA3A181BD5}.Release|Any CPU.ActiveCfg = Release|Any CPU
		{D409D6F8-6AC1-400B-99E2-D1BA3A181BD5}.Release|Any CPU.Build.0 = Release|Any CPU
	EndGlobalSection
	GlobalSection(SolutionProperties) = preSolution
		HideSolutionNode = FALSE
	EndGlobalSection
EndGlobal
